
Microsoft Visual Studio Solution File, Format Version 12.00
# Visual Studio Version 16
VisualStudioVersion = 16.0.29519.87
MinimumVisualStudioVersion = 10.0.40219.1
Project("{9A19103F-16F7-4668-BE54-9A1E7A4F7556}") = "PracticaUno", "PracticaUno\PracticaUno.csproj", "{A11DCC72-13EB-49D7-80C8-CABED38BE310}"
EndProject
Project("{FAE04EC0-301F-11D3-BF4B-00C04F79EFBC}") = "PracticaDos", "PracticaDos\PracticaDos.csproj", "{F434DE04-2E94-4C17-BF34-3CDF1D162FBB}"
EndProject
Global
	GlobalSection(SolutionConfigurationPlatforms) = preSolution
		Debug|Any CPU = Debug|Any CPU
		Release|Any CPU = Release|Any CPU
	EndGlobalSection
	GlobalSection(ProjectConfigurationPlatforms) = postSolution
		{A11DCC72-13EB-49D7-80C8-CABED38BE310}.Debug|Any CPU.ActiveCfg = Debug|Any CPU
		{A11DCC72-13EB-49D7-80C8-CABED38BE310}.Debug|Any CPU.Build.0 = Debug|Any CPU
		{A11DCC72-13EB-49D7-80C8-CABED38BE310}.Release|Any CPU.ActiveCfg = Release|Any CPU
		{A11DCC72-13EB-49D7-80C8-CABED38BE310}.Release|Any CPU.Build.0 = Release|Any CPU
		{F434DE04-2E94-4C17-BF34-3CDF1D162FBB}.Debug|Any CPU.ActiveCfg = Debug|Any CPU
		{F434DE04-2E94-4C17-BF34-3CDF1D162FBB}.Debug|Any CPU.Build.0 = Debug|Any CPU
		{F434DE04-2E94-4C17-BF34-3CDF1D162FBB}.Release|Any CPU.ActiveCfg = Release|Any CPU
		{F434DE04-2E94-4C17-BF34-3CDF1D162FBB}.Release|Any CPU.Build.0 = Release|Any CPU
	EndGlobalSection
	GlobalSection(SolutionProperties) = preSolution
		HideSolutionNode = FALSE
	EndGlobalSection
	GlobalSection(ExtensibilityGlobals) = postSolution
		SolutionGuid = {99E729B7-7141-4C4A-A132-AD3397ACCD7C}
	EndGlobalSection
EndGlobal
